
  {
    "short_name": "Weather",
    "name": "Smash It Weather: Is the program holding?",
    "description": "Weather forecast information",
    "icons": [
      {
        "src": "/images/Smash It.jpg",
        "type": "image/png",
        "sizes": "192x192"
      },
      {
        "src": "/images/Smash It.jpg",
        "type": "image/png",
        "sizes": "512x512"
      }
    ],
    "start_url": "/?source=pwa",
    "background_color": "#3367D6",
    "display": "standalone",
    "scope": "/",
    "theme_color": "#3367D6",
    "shortcuts": [
      {
        "name": "How's weather today?",
        "short_name": "Today",
        "description": "View weather information for today",
        "url": "https://weatherapp-c672f.web.app/",
        "icons": [{ "src": "/images/Smash It.jpg", "sizes": "192x192" }]
      },
      {
        "name": "How's weather tomorrow?",
        "short_name": "Tomorrow",
        "description": "View weather information for tomorrow",
        "url": "https://weatherapp-c672f.web.app/",
        "icons": [{ "src": "/images/tomorrow.png", "sizes": "192x192" }]
      }
    ]
  }

